
Microsoft Visual Studio Solution File, Format Version 12.00
# Visual Studio 2013
VisualStudioVersion = 12.0.30723.0
MinimumVisualStudioVersion = 10.0.40219.1
Project("{FAE04EC0-301F-11D3-BF4B-00C04F79EFBC}") = "Alpha.Core", "Alpha.Core\Alpha.Core.csproj", "{3DE9EFAF-E3C9-4822-ACED-4360A57C82D5}"
EndProject
Project("{FAE04EC0-301F-11D3-BF4B-00C04F79EFBC}") = "Alpha.Droid", "Alpha.Droid\Alpha.Droid.csproj", "{2430FCFA-8475-4516-9DCD-45715A35F4CE}"
EndProject
Project("{FAE04EC0-301F-11D3-BF4B-00C04F79EFBC}") = "Asgl.Droid.RatingView.Library", "Asgl.Droid.RatingView.Library\Asgl.Droid.RatingView.Library.csproj", "{719E40B0-995D-428F-8559-954FD1DFBEC1}"
EndProject
Global
	GlobalSection(SolutionConfigurationPlatforms) = preSolution
		Debug|Any CPU = Debug|Any CPU
		Release|Any CPU = Release|Any CPU
	EndGlobalSection
	GlobalSection(ProjectConfigurationPlatforms) = postSolution
		{3DE9EFAF-E3C9-4822-ACED-4360A57C82D5}.Debug|Any CPU.ActiveCfg = Debug|Any CPU
		{3DE9EFAF-E3C9-4822-ACED-4360A57C82D5}.Debug|Any CPU.Build.0 = Debug|Any CPU
		{3DE9EFAF-E3C9-4822-ACED-4360A57C82D5}.Release|Any CPU.ActiveCfg = Release|Any CPU
		{3DE9EFAF-E3C9-4822-ACED-4360A57C82D5}.Release|Any CPU.Build.0 = Release|Any CPU
		{2430FCFA-8475-4516-9DCD-45715A35F4CE}.Debug|Any CPU.ActiveCfg = Debug|Any CPU
		{2430FCFA-8475-4516-9DCD-45715A35F4CE}.Debug|Any CPU.Build.0 = Debug|Any CPU
		{2430FCFA-8475-4516-9DCD-45715A35F4CE}.Debug|Any CPU.Deploy.0 = Debug|Any CPU
		{2430FCFA-8475-4516-9DCD-45715A35F4CE}.Release|Any CPU.ActiveCfg = Release|Any CPU
		{2430FCFA-8475-4516-9DCD-45715A35F4CE}.Release|Any CPU.Build.0 = Release|Any CPU
		{2430FCFA-8475-4516-9DCD-45715A35F4CE}.Release|Any CPU.Deploy.0 = Release|Any CPU
		{719E40B0-995D-428F-8559-954FD1DFBEC1}.Debug|Any CPU.ActiveCfg = Debug|Any CPU
		{719E40B0-995D-428F-8559-954FD1DFBEC1}.Debug|Any CPU.Build.0 = Debug|Any CPU
		{719E40B0-995D-428F-8559-954FD1DFBEC1}.Release|Any CPU.ActiveCfg = Release|Any CPU
		{719E40B0-995D-428F-8559-954FD1DFBEC1}.Release|Any CPU.Build.0 = Release|Any CPU
	EndGlobalSection
	GlobalSection(SolutionProperties) = preSolution
		HideSolutionNode = FALSE
	EndGlobalSection
EndGlobal
